// !$*UTF8*$!
{
	archiveVersion = 1;
	classes = {
	};
	objectVersion = 46;
	objects = {

/* Begin PBXBuildFile section */
		252A2BF716E545F100DAE393 /* ADNPost.m in Sources */ = {isa = PBXBuildFile; fileRef = 252A2BF616E545F100DAE393 /* ADNPost.m */; };
		252A2BF816E545F400DAE393 /* ADNPost.m in Sources */ = {isa = PBXBuildFile; fileRef = 252A2BF616E545F100DAE393 /* ADNPost.m */; };
		252A2BF916E545FC00DAE393 /* ADNPost.h in Headers */ = {isa = PBXBuildFile; fileRef = 252A2BF516E545F100DAE393 /* ADNPost.h */; settings = {ATTRIBUTES = (Public, ); }; };
		252A2BFC16E5462D00DAE393 /* ADNChannel.m in Sources */ = {isa = PBXBuildFile; fileRef = 252A2BFB16E5462D00DAE393 /* ADNChannel.m */; };
		252A2BFD16E5463100DAE393 /* ADNChannel.m in Sources */ = {isa = PBXBuildFile; fileRef = 252A2BFB16E5462D00DAE393 /* ADNChannel.m */; };
		252A2BFE16E5463400DAE393 /* ADNChannel.h in Headers */ = {isa = PBXBuildFile; fileRef = 252A2BFA16E5462D00DAE393 /* ADNChannel.h */; settings = {ATTRIBUTES = (Public, ); }; };
		252A2C0116E5464700DAE393 /* ADNMessage.h in Headers */ = {isa = PBXBuildFile; fileRef = 252A2BFF16E5464700DAE393 /* ADNMessage.h */; settings = {ATTRIBUTES = (Public, ); }; };
		252A2C0216E5464700DAE393 /* ADNMessage.m in Sources */ = {isa = PBXBuildFile; fileRef = 252A2C0016E5464700DAE393 /* ADNMessage.m */; };
		252A2C0316E5464700DAE393 /* ADNMessage.m in Sources */ = {isa = PBXBuildFile; fileRef = 252A2C0016E5464700DAE393 /* ADNMessage.m */; };
		252A2C0616E5465A00DAE393 /* ADNFile.h in Headers */ = {isa = PBXBuildFile; fileRef = 252A2C0416E5465A00DAE393 /* ADNFile.h */; settings = {ATTRIBUTES = (Public, ); }; };
		252A2C0716E5465A00DAE393 /* ADNFile.m in Sources */ = {isa = PBXBuildFile; fileRef = 252A2C0516E5465A00DAE393 /* ADNFile.m */; };
		252A2C0816E5465A00DAE393 /* ADNFile.m in Sources */ = {isa = PBXBuildFile; fileRef = 252A2C0516E5465A00DAE393 /* ADNFile.m */; };
		252A2C0B16E5466A00DAE393 /* ADNStream.h in Headers */ = {isa = PBXBuildFile; fileRef = 252A2C0916E5466A00DAE393 /* ADNStream.h */; settings = {ATTRIBUTES = (Public, ); }; };
		252A2C0C16E5466A00DAE393 /* ADNStream.m in Sources */ = {isa = PBXBuildFile; fileRef = 252A2C0A16E5466A00DAE393 /* ADNStream.m */; };
		252A2C0D16E5466A00DAE393 /* ADNStream.m in Sources */ = {isa = PBXBuildFile; fileRef = 252A2C0A16E5466A00DAE393 /* ADNStream.m */; };
		252A2C1016E5467400DAE393 /* ADNFilter.h in Headers */ = {isa = PBXBuildFile; fileRef = 252A2C0E16E5467300DAE393 /* ADNFilter.h */; settings = {ATTRIBUTES = (Public, ); }; };
		252A2C1116E5467400DAE393 /* ADNFilter.m in Sources */ = {isa = PBXBuildFile; fileRef = 252A2C0F16E5467400DAE393 /* ADNFilter.m */; };
		252A2C1216E5467400DAE393 /* ADNFilter.m in Sources */ = {isa = PBXBuildFile; fileRef = 252A2C0F16E5467400DAE393 /* ADNFilter.m */; };
		252A2C1516E5467B00DAE393 /* ADNInteraction.h in Headers */ = {isa = PBXBuildFile; fileRef = 252A2C1316E5467B00DAE393 /* ADNInteraction.h */; settings = {ATTRIBUTES = (Public, ); }; };
		252A2C1616E5467B00DAE393 /* ADNInteraction.m in Sources */ = {isa = PBXBuildFile; fileRef = 252A2C1416E5467B00DAE393 /* ADNInteraction.m */; };
		252A2C1716E5467B00DAE393 /* ADNInteraction.m in Sources */ = {isa = PBXBuildFile; fileRef = 252A2C1416E5467B00DAE393 /* ADNInteraction.m */; };
		252A2C1A16E5468700DAE393 /* ADNStreamMarker.h in Headers */ = {isa = PBXBuildFile; fileRef = 252A2C1816E5468700DAE393 /* ADNStreamMarker.h */; settings = {ATTRIBUTES = (Public, ); }; };
		252A2C1B16E5468700DAE393 /* ADNStreamMarker.m in Sources */ = {isa = PBXBuildFile; fileRef = 252A2C1916E5468700DAE393 /* ADNStreamMarker.m */; };
		252A2C1C16E5468700DAE393 /* ADNStreamMarker.m in Sources */ = {isa = PBXBuildFile; fileRef = 252A2C1916E5468700DAE393 /* ADNStreamMarker.m */; };
		252A2C1F16E546F900DAE393 /* ADNPlace.h in Headers */ = {isa = PBXBuildFile; fileRef = 252A2C1D16E546F900DAE393 /* ADNPlace.h */; settings = {ATTRIBUTES = (Public, ); }; };
		252A2C2016E546F900DAE393 /* ADNPlace.m in Sources */ = {isa = PBXBuildFile; fileRef = 252A2C1E16E546F900DAE393 /* ADNPlace.m */; };
		252A2C2116E546F900DAE393 /* ADNPlace.m in Sources */ = {isa = PBXBuildFile; fileRef = 252A2C1E16E546F900DAE393 /* ADNPlace.m */; };
		252A2C2416E5472400DAE393 /* ADNExploreStream.h in Headers */ = {isa = PBXBuildFile; fileRef = 252A2C2216E5472400DAE393 /* ADNExploreStream.h */; settings = {ATTRIBUTES = (Public, ); }; };
		252A2C2516E5472400DAE393 /* ADNExploreStream.m in Sources */ = {isa = PBXBuildFile; fileRef = 252A2C2316E5472400DAE393 /* ADNExploreStream.m */; };
		252A2C2616E5472400DAE393 /* ADNExploreStream.m in Sources */ = {isa = PBXBuildFile; fileRef = 252A2C2316E5472400DAE393 /* ADNExploreStream.m */; };
		252A2C2916E5473D00DAE393 /* ADNAnnotation.h in Headers */ = {isa = PBXBuildFile; fileRef = 252A2C2716E5473D00DAE393 /* ADNAnnotation.h */; settings = {ATTRIBUTES = (Public, ); }; };
		252A2C2A16E5473D00DAE393 /* ADNAnnotation.m in Sources */ = {isa = PBXBuildFile; fileRef = 252A2C2816E5473D00DAE393 /* ADNAnnotation.m */; };
		252A2C2B16E5473D00DAE393 /* ADNAnnotation.m in Sources */ = {isa = PBXBuildFile; fileRef = 252A2C2816E5473D00DAE393 /* ADNAnnotation.m */; };
		252A2C3316E5489400DAE393 /* ADNAnnotatableResource.h in Headers */ = {isa = PBXBuildFile; fileRef = 252A2C3116E5489300DAE393 /* ADNAnnotatableResource.h */; };
		252A2C3416E5489400DAE393 /* ADNAnnotatableResource.m in Sources */ = {isa = PBXBuildFile; fileRef = 252A2C3216E5489300DAE393 /* ADNAnnotatableResource.m */; };
		252A2C3516E5489400DAE393 /* ADNAnnotatableResource.m in Sources */ = {isa = PBXBuildFile; fileRef = 252A2C3216E5489300DAE393 /* ADNAnnotatableResource.m */; };
		252A2C3816E55ACD00DAE393 /* ADNImage.h in Headers */ = {isa = PBXBuildFile; fileRef = 252A2C3616E55ACD00DAE393 /* ADNImage.h */; settings = {ATTRIBUTES = (Public, ); }; };
		252A2C3916E55ACD00DAE393 /* ADNImage.m in Sources */ = {isa = PBXBuildFile; fileRef = 252A2C3716E55ACD00DAE393 /* ADNImage.m */; };
		252A2C3A16E55ACD00DAE393 /* ADNImage.m in Sources */ = {isa = PBXBuildFile; fileRef = 252A2C3716E55ACD00DAE393 /* ADNImage.m */; };
		252A2C3D16E55B5200DAE393 /* ADNUserCounts.h in Headers */ = {isa = PBXBuildFile; fileRef = 252A2C3B16E55B5100DAE393 /* ADNUserCounts.h */; settings = {ATTRIBUTES = (Public, ); }; };
		252A2C3E16E55B5200DAE393 /* ADNUserCounts.m in Sources */ = {isa = PBXBuildFile; fileRef = 252A2C3C16E55B5200DAE393 /* ADNUserCounts.m */; };
		252A2C3F16E55B5200DAE393 /* ADNUserCounts.m in Sources */ = {isa = PBXBuildFile; fileRef = 252A2C3C16E55B5200DAE393 /* ADNUserCounts.m */; };
		252A2C4516E5624700DAE393 /* ADNClient.h in Headers */ = {isa = PBXBuildFile; fileRef = 252A2C4316E5624700DAE393 /* ADNClient.h */; settings = {ATTRIBUTES = (Public, ); }; };
		252A2C4616E5624700DAE393 /* ADNClient.m in Sources */ = {isa = PBXBuildFile; fileRef = 252A2C4416E5624700DAE393 /* ADNClient.m */; };
		252A2C4716E5624700DAE393 /* ADNClient.m in Sources */ = {isa = PBXBuildFile; fileRef = 252A2C4416E5624700DAE393 /* ADNClient.m */; };
		252A2C5C16E7117700DAE393 /* ADNClient+ADNPostStreams.h in Headers */ = {isa = PBXBuildFile; fileRef = 252A2C5A16E7117700DAE393 /* ADNClient+ADNPostStreams.h */; settings = {ATTRIBUTES = (Public, ); }; };
		252A2C5D16E7117700DAE393 /* ADNClient+ADNPostStreams.m in Sources */ = {isa = PBXBuildFile; fileRef = 252A2C5B16E7117700DAE393 /* ADNClient+ADNPostStreams.m */; };
		252A2C5E16E7117700DAE393 /* ADNClient+ADNPostStreams.m in Sources */ = {isa = PBXBuildFile; fileRef = 252A2C5B16E7117700DAE393 /* ADNClient+ADNPostStreams.m */; };
		5DC370DD16E0805E00190862 /* Foundation.framework in Frameworks */ = {isa = PBXBuildFile; fileRef = 5DC370DC16E0805E00190862 /* Foundation.framework */; };
		5DC370E216E0805E00190862 /* ADNKit.h in CopyFiles */ = {isa = PBXBuildFile; fileRef = 5DC370E116E0805E00190862 /* ADNKit.h */; };
		5DC3710916E0808C00190862 /* Cocoa.framework in Frameworks */ = {isa = PBXBuildFile; fileRef = 5DC370F016E0807000190862 /* Cocoa.framework */; };
		5DC3710F16E0808C00190862 /* InfoPlist.strings in Resources */ = {isa = PBXBuildFile; fileRef = 5DC3710D16E0808C00190862 /* InfoPlist.strings */; };
		5DC3725A16E3AE1500190862 /* AFHTTPClient.h in Headers */ = {isa = PBXBuildFile; fileRef = 5DC3724716E3AE1500190862 /* AFHTTPClient.h */; settings = {ATTRIBUTES = (Public, ); }; };
		5DC3725B16E3AE1500190862 /* AFHTTPClient.m in Sources */ = {isa = PBXBuildFile; fileRef = 5DC3724816E3AE1500190862 /* AFHTTPClient.m */; };
		5DC3725C16E3AE1500190862 /* AFHTTPClient.m in Sources */ = {isa = PBXBuildFile; fileRef = 5DC3724816E3AE1500190862 /* AFHTTPClient.m */; };
		5DC3725D16E3AE1500190862 /* AFHTTPRequestOperation.h in Headers */ = {isa = PBXBuildFile; fileRef = 5DC3724916E3AE1500190862 /* AFHTTPRequestOperation.h */; settings = {ATTRIBUTES = (Public, ); }; };
		5DC3725E16E3AE1500190862 /* AFHTTPRequestOperation.m in Sources */ = {isa = PBXBuildFile; fileRef = 5DC3724A16E3AE1500190862 /* AFHTTPRequestOperation.m */; };
		5DC3725F16E3AE1500190862 /* AFHTTPRequestOperation.m in Sources */ = {isa = PBXBuildFile; fileRef = 5DC3724A16E3AE1500190862 /* AFHTTPRequestOperation.m */; };
		5DC3726016E3AE1500190862 /* AFImageRequestOperation.h in Headers */ = {isa = PBXBuildFile; fileRef = 5DC3724B16E3AE1500190862 /* AFImageRequestOperation.h */; settings = {ATTRIBUTES = (Public, ); }; };
		5DC3726116E3AE1500190862 /* AFImageRequestOperation.m in Sources */ = {isa = PBXBuildFile; fileRef = 5DC3724C16E3AE1500190862 /* AFImageRequestOperation.m */; };
		5DC3726216E3AE1500190862 /* AFImageRequestOperation.m in Sources */ = {isa = PBXBuildFile; fileRef = 5DC3724C16E3AE1500190862 /* AFImageRequestOperation.m */; };
		5DC3726316E3AE1500190862 /* AFJSONRequestOperation.h in Headers */ = {isa = PBXBuildFile; fileRef = 5DC3724D16E3AE1500190862 /* AFJSONRequestOperation.h */; settings = {ATTRIBUTES = (Public, ); }; };
		5DC3726416E3AE1500190862 /* AFJSONRequestOperation.m in Sources */ = {isa = PBXBuildFile; fileRef = 5DC3724E16E3AE1500190862 /* AFJSONRequestOperation.m */; };
		5DC3726516E3AE1500190862 /* AFJSONRequestOperation.m in Sources */ = {isa = PBXBuildFile; fileRef = 5DC3724E16E3AE1500190862 /* AFJSONRequestOperation.m */; };
		5DC3726716E3AE1500190862 /* AFNetworkActivityIndicatorManager.m in Sources */ = {isa = PBXBuildFile; fileRef = 5DC3725016E3AE1500190862 /* AFNetworkActivityIndicatorManager.m */; };
		5DC3726916E3AE1500190862 /* AFNetworking.h in Headers */ = {isa = PBXBuildFile; fileRef = 5DC3725116E3AE1500190862 /* AFNetworking.h */; settings = {ATTRIBUTES = (Public, ); }; };
		5DC3726A16E3AE1500190862 /* AFPropertyListRequestOperation.h in Headers */ = {isa = PBXBuildFile; fileRef = 5DC3725216E3AE1500190862 /* AFPropertyListRequestOperation.h */; settings = {ATTRIBUTES = (Public, ); }; };
		5DC3726B16E3AE1500190862 /* AFPropertyListRequestOperation.m in Sources */ = {isa = PBXBuildFile; fileRef = 5DC3725316E3AE1500190862 /* AFPropertyListRequestOperation.m */; };
		5DC3726C16E3AE1500190862 /* AFPropertyListRequestOperation.m in Sources */ = {isa = PBXBuildFile; fileRef = 5DC3725316E3AE1500190862 /* AFPropertyListRequestOperation.m */; };
		5DC3726D16E3AE1500190862 /* AFURLConnectionOperation.h in Headers */ = {isa = PBXBuildFile; fileRef = 5DC3725416E3AE1500190862 /* AFURLConnectionOperation.h */; settings = {ATTRIBUTES = (Public, ); }; };
		5DC3726E16E3AE1500190862 /* AFURLConnectionOperation.m in Sources */ = {isa = PBXBuildFile; fileRef = 5DC3725516E3AE1500190862 /* AFURLConnectionOperation.m */; };
		5DC3726F16E3AE1500190862 /* AFURLConnectionOperation.m in Sources */ = {isa = PBXBuildFile; fileRef = 5DC3725516E3AE1500190862 /* AFURLConnectionOperation.m */; };
		5DC3727016E3AE1500190862 /* AFXMLRequestOperation.h in Headers */ = {isa = PBXBuildFile; fileRef = 5DC3725616E3AE1500190862 /* AFXMLRequestOperation.h */; settings = {ATTRIBUTES = (Public, ); }; };
		5DC3727116E3AE1500190862 /* AFXMLRequestOperation.m in Sources */ = {isa = PBXBuildFile; fileRef = 5DC3725716E3AE1500190862 /* AFXMLRequestOperation.m */; };
		5DC3727216E3AE1500190862 /* AFXMLRequestOperation.m in Sources */ = {isa = PBXBuildFile; fileRef = 5DC3725716E3AE1500190862 /* AFXMLRequestOperation.m */; };
		5DC3727416E3AE1500190862 /* UIImageView+AFNetworking.m in Sources */ = {isa = PBXBuildFile; fileRef = 5DC3725916E3AE1500190862 /* UIImageView+AFNetworking.m */; };
		5DC3727716E3AF3800190862 /* CoreLocation.framework in Frameworks */ = {isa = PBXBuildFile; fileRef = 5DC3727616E3AF3800190862 /* CoreLocation.framework */; };
		5DC3727916E3AF4000190862 /* SystemConfiguration.framework in Frameworks */ = {isa = PBXBuildFile; fileRef = 5DC3727816E3AF4000190862 /* SystemConfiguration.framework */; };
		5DC3727B16E3AF4400190862 /* MobileCoreServices.framework in Frameworks */ = {isa = PBXBuildFile; fileRef = 5DC3727A16E3AF4400190862 /* MobileCoreServices.framework */; };
		5DC3727E16E3AF6900190862 /* UIKit.framework in Frameworks */ = {isa = PBXBuildFile; fileRef = 5DC3727D16E3AF6900190862 /* UIKit.framework */; };
		5DC3728116E3AF8900190862 /* CoreLocation.framework in Frameworks */ = {isa = PBXBuildFile; fileRef = 5DC3728016E3AF8800190862 /* CoreLocation.framework */; };
		5DC3728316E3AF8E00190862 /* SystemConfiguration.framework in Frameworks */ = {isa = PBXBuildFile; fileRef = 5DC3728216E3AF8E00190862 /* SystemConfiguration.framework */; };
		5DC3728A16E3B10800190862 /* ADNResource.h in Headers */ = {isa = PBXBuildFile; fileRef = 5DC3728816E3B10800190862 /* ADNResource.h */; };
		5DC3728B16E3B10800190862 /* ADNResource.m in Sources */ = {isa = PBXBuildFile; fileRef = 5DC3728916E3B10800190862 /* ADNResource.m */; };
		5DC3728C16E3B10800190862 /* ADNResource.m in Sources */ = {isa = PBXBuildFile; fileRef = 5DC3728916E3B10800190862 /* ADNResource.m */; };
		5DC3729816E3B4D300190862 /* ADNJSONRequestOperation.h in Headers */ = {isa = PBXBuildFile; fileRef = 5DC3729616E3B4D300190862 /* ADNJSONRequestOperation.h */; };
		5DC3729916E3B4D300190862 /* ADNJSONRequestOperation.m in Sources */ = {isa = PBXBuildFile; fileRef = 5DC3729716E3B4D300190862 /* ADNJSONRequestOperation.m */; };
		5DC3729A16E3B4D300190862 /* ADNJSONRequestOperation.m in Sources */ = {isa = PBXBuildFile; fileRef = 5DC3729716E3B4D300190862 /* ADNJSONRequestOperation.m */; };
		5DC3729D16E3B66700190862 /* ADNResponse.h in Headers */ = {isa = PBXBuildFile; fileRef = 5DC3729B16E3B66700190862 /* ADNResponse.h */; };
		5DC3729E16E3B66700190862 /* ADNResponse.m in Sources */ = {isa = PBXBuildFile; fileRef = 5DC3729C16E3B66700190862 /* ADNResponse.m */; };
		5DC3729F16E3B66700190862 /* ADNResponse.m in Sources */ = {isa = PBXBuildFile; fileRef = 5DC3729C16E3B66700190862 /* ADNResponse.m */; };
		5DC372A316E448ED00190862 /* NSArray+ADNAdditions.h in Headers */ = {isa = PBXBuildFile; fileRef = 5DC372A116E448ED00190862 /* NSArray+ADNAdditions.h */; };
		5DC372A416E448ED00190862 /* NSArray+ADNAdditions.m in Sources */ = {isa = PBXBuildFile; fileRef = 5DC372A216E448ED00190862 /* NSArray+ADNAdditions.m */; };
		5DC372A516E448ED00190862 /* NSArray+ADNAdditions.m in Sources */ = {isa = PBXBuildFile; fileRef = 5DC372A216E448ED00190862 /* NSArray+ADNAdditions.m */; };
		5DC372A816E44AE500190862 /* ADNValueTransformations.h in Headers */ = {isa = PBXBuildFile; fileRef = 5DC372A616E44AE500190862 /* ADNValueTransformations.h */; };
		5DC372A916E44AE500190862 /* ADNValueTransformations.m in Sources */ = {isa = PBXBuildFile; fileRef = 5DC372A716E44AE500190862 /* ADNValueTransformations.m */; };
		5DC372AA16E44AE500190862 /* ADNValueTransformations.m in Sources */ = {isa = PBXBuildFile; fileRef = 5DC372A716E44AE500190862 /* ADNValueTransformations.m */; };
		5DC372F716E4752000190862 /* ADNClient+ADNUser.h in Headers */ = {isa = PBXBuildFile; fileRef = 5DC372F516E4752000190862 /* ADNClient+ADNUser.h */; };
		5DC372F816E4752000190862 /* ADNClient+ADNUser.m in Sources */ = {isa = PBXBuildFile; fileRef = 5DC372F616E4752000190862 /* ADNClient+ADNUser.m */; };
		5DC372F916E4752000190862 /* ADNClient+ADNUser.m in Sources */ = {isa = PBXBuildFile; fileRef = 5DC372F616E4752000190862 /* ADNClient+ADNUser.m */; };
		5DC372FC16E4759000190862 /* ADNUser.h in Headers */ = {isa = PBXBuildFile; fileRef = 5DC372FA16E4758F00190862 /* ADNUser.h */; };
		5DC372FD16E4759000190862 /* ADNUser.m in Sources */ = {isa = PBXBuildFile; fileRef = 5DC372FB16E4759000190862 /* ADNUser.m */; };
		5DC372FE16E4759000190862 /* ADNUser.m in Sources */ = {isa = PBXBuildFile; fileRef = 5DC372FB16E4759000190862 /* ADNUser.m */; };
		5DC3730116E4822A00190862 /* NSDictionary+ADNAdditions.h in Headers */ = {isa = PBXBuildFile; fileRef = 5DC372FF16E4822A00190862 /* NSDictionary+ADNAdditions.h */; };
		5DC3730216E4822A00190862 /* NSDictionary+ADNAdditions.m in Sources */ = {isa = PBXBuildFile; fileRef = 5DC3730016E4822A00190862 /* NSDictionary+ADNAdditions.m */; };
		5DC3730316E4822A00190862 /* NSDictionary+ADNAdditions.m in Sources */ = {isa = PBXBuildFile; fileRef = 5DC3730016E4822A00190862 /* NSDictionary+ADNAdditions.m */; };
		5DC3730D16E5CDDB00190862 /* ADNUserDescription.h in Headers */ = {isa = PBXBuildFile; fileRef = 5DC3730B16E5CDD600190862 /* ADNUserDescription.h */; settings = {ATTRIBUTES = (Public, ); }; };
		5DC3730E16E5CDDB00190862 /* ADNUserDescription.m in Sources */ = {isa = PBXBuildFile; fileRef = 5DC3730C16E5CDD700190862 /* ADNUserDescription.m */; };
		5DC3730F16E5CDDB00190862 /* ADNUserDescription.m in Sources */ = {isa = PBXBuildFile; fileRef = 5DC3730C16E5CDD700190862 /* ADNUserDescription.m */; };
		5DC3731316E65BDD00190862 /* ADNObjectSource.h in Headers */ = {isa = PBXBuildFile; fileRef = 5DC3731116E65BDA00190862 /* ADNObjectSource.h */; settings = {ATTRIBUTES = (Public, ); }; };
		5DC3731416E65BDD00190862 /* ADNObjectSource.m in Sources */ = {isa = PBXBuildFile; fileRef = 5DC3731216E65BDC00190862 /* ADNObjectSource.m */; };
		5DC3731516E65BDD00190862 /* ADNObjectSource.m in Sources */ = {isa = PBXBuildFile; fileRef = 5DC3731216E65BDC00190862 /* ADNObjectSource.m */; };
		5DC3731616E665CE00190862 /* ADNEntities.h in Headers */ = {isa = PBXBuildFile; fileRef = 252A2C2C16E5477B00DAE393 /* ADNEntities.h */; };
		5DC3731716E665D100190862 /* ADNEntities.m in Sources */ = {isa = PBXBuildFile; fileRef = 252A2C2D16E5477B00DAE393 /* ADNEntities.m */; };
		5DC3731816E665D200190862 /* ADNEntities.m in Sources */ = {isa = PBXBuildFile; fileRef = 252A2C2D16E5477B00DAE393 /* ADNEntities.m */; };
		5DC3731B16E6661500190862 /* ADNClient+ADNPost.h in Headers */ = {isa = PBXBuildFile; fileRef = 5DC3731916E6661500190862 /* ADNClient+ADNPost.h */; };
		5DC3731C16E6661500190862 /* ADNClient+ADNPost.m in Sources */ = {isa = PBXBuildFile; fileRef = 5DC3731A16E6661500190862 /* ADNClient+ADNPost.m */; };
		5DC3731D16E6661500190862 /* ADNClient+ADNPost.m in Sources */ = {isa = PBXBuildFile; fileRef = 5DC3731A16E6661500190862 /* ADNClient+ADNPost.m */; };
		5DC3732016E6661D00190862 /* ADNClient+ADNFile.h in Headers */ = {isa = PBXBuildFile; fileRef = 5DC3731E16E6661D00190862 /* ADNClient+ADNFile.h */; };
		5DC3732116E6661D00190862 /* ADNClient+ADNFile.m in Sources */ = {isa = PBXBuildFile; fileRef = 5DC3731F16E6661D00190862 /* ADNClient+ADNFile.m */; };
		5DC3732216E6661D00190862 /* ADNClient+ADNFile.m in Sources */ = {isa = PBXBuildFile; fileRef = 5DC3731F16E6661D00190862 /* ADNClient+ADNFile.m */; };
		5DF6EF7016E8F80C0018D445 /* ADNChannelCounts.h in Headers */ = {isa = PBXBuildFile; fileRef = 5DF6EF6E16E8F80B0018D445 /* ADNChannelCounts.h */; };
		5DF6EF7116E8F80C0018D445 /* ADNChannelCounts.m in Sources */ = {isa = PBXBuildFile; fileRef = 5DF6EF6F16E8F80B0018D445 /* ADNChannelCounts.m */; };
		5DF6EF7216E8F80C0018D445 /* ADNChannelCounts.m in Sources */ = {isa = PBXBuildFile; fileRef = 5DF6EF6F16E8F80B0018D445 /* ADNChannelCounts.m */; };
		5DF6EF7516E8FAE60018D445 /* ADNACL.h in Headers */ = {isa = PBXBuildFile; fileRef = 5DF6EF7316E8FAE50018D445 /* ADNACL.h */; };
		5DF6EF7616E8FAE60018D445 /* ADNACL.m in Sources */ = {isa = PBXBuildFile; fileRef = 5DF6EF7416E8FAE50018D445 /* ADNACL.m */; };
		5DF6EF7716E8FAE60018D445 /* ADNACL.m in Sources */ = {isa = PBXBuildFile; fileRef = 5DF6EF7416E8FAE50018D445 /* ADNACL.m */; };
/* End PBXBuildFile section */

/* Begin PBXCopyFilesBuildPhase section */
		5DC370D716E0805E00190862 /* CopyFiles */ = {
			isa = PBXCopyFilesBuildPhase;
			buildActionMask = 2147483647;
			dstPath = "include/${PRODUCT_NAME}";
			dstSubfolderSpec = 16;
			files = (
				5DC370E216E0805E00190862 /* ADNKit.h in CopyFiles */,
			);
			runOnlyForDeploymentPostprocessing = 0;
		};
/* End PBXCopyFilesBuildPhase section */

/* Begin PBXFileReference section */
		252A2BF516E545F100DAE393 /* ADNPost.h */ = {isa = PBXFileReference; fileEncoding = 4; lastKnownFileType = sourcecode.c.h; path = ADNPost.h; sourceTree = "<group>"; };
		252A2BF616E545F100DAE393 /* ADNPost.m */ = {isa = PBXFileReference; fileEncoding = 4; lastKnownFileType = sourcecode.c.objc; path = ADNPost.m; sourceTree = "<group>"; };
		252A2BFA16E5462D00DAE393 /* ADNChannel.h */ = {isa = PBXFileReference; fileEncoding = 4; lastKnownFileType = sourcecode.c.h; path = ADNChannel.h; sourceTree = "<group>"; };
		252A2BFB16E5462D00DAE393 /* ADNChannel.m */ = {isa = PBXFileReference; fileEncoding = 4; lastKnownFileType = sourcecode.c.objc; path = ADNChannel.m; sourceTree = "<group>"; };
		252A2BFF16E5464700DAE393 /* ADNMessage.h */ = {isa = PBXFileReference; fileEncoding = 4; lastKnownFileType = sourcecode.c.h; path = ADNMessage.h; sourceTree = "<group>"; };
		252A2C0016E5464700DAE393 /* ADNMessage.m */ = {isa = PBXFileReference; fileEncoding = 4; lastKnownFileType = sourcecode.c.objc; path = ADNMessage.m; sourceTree = "<group>"; };
		252A2C0416E5465A00DAE393 /* ADNFile.h */ = {isa = PBXFileReference; fileEncoding = 4; lastKnownFileType = sourcecode.c.h; path = ADNFile.h; sourceTree = "<group>"; };
		252A2C0516E5465A00DAE393 /* ADNFile.m */ = {isa = PBXFileReference; fileEncoding = 4; lastKnownFileType = sourcecode.c.objc; path = ADNFile.m; sourceTree = "<group>"; };
		252A2C0916E5466A00DAE393 /* ADNStream.h */ = {isa = PBXFileReference; fileEncoding = 4; lastKnownFileType = sourcecode.c.h; path = ADNStream.h; sourceTree = "<group>"; };
		252A2C0A16E5466A00DAE393 /* ADNStream.m */ = {isa = PBXFileReference; fileEncoding = 4; lastKnownFileType = sourcecode.c.objc; path = ADNStream.m; sourceTree = "<group>"; };
		252A2C0E16E5467300DAE393 /* ADNFilter.h */ = {isa = PBXFileReference; fileEncoding = 4; lastKnownFileType = sourcecode.c.h; path = ADNFilter.h; sourceTree = "<group>"; };
		252A2C0F16E5467400DAE393 /* ADNFilter.m */ = {isa = PBXFileReference; fileEncoding = 4; lastKnownFileType = sourcecode.c.objc; path = ADNFilter.m; sourceTree = "<group>"; };
		252A2C1316E5467B00DAE393 /* ADNInteraction.h */ = {isa = PBXFileReference; fileEncoding = 4; lastKnownFileType = sourcecode.c.h; path = ADNInteraction.h; sourceTree = "<group>"; };
		252A2C1416E5467B00DAE393 /* ADNInteraction.m */ = {isa = PBXFileReference; fileEncoding = 4; lastKnownFileType = sourcecode.c.objc; path = ADNInteraction.m; sourceTree = "<group>"; };
		252A2C1816E5468700DAE393 /* ADNStreamMarker.h */ = {isa = PBXFileReference; fileEncoding = 4; lastKnownFileType = sourcecode.c.h; path = ADNStreamMarker.h; sourceTree = "<group>"; };
		252A2C1916E5468700DAE393 /* ADNStreamMarker.m */ = {isa = PBXFileReference; fileEncoding = 4; lastKnownFileType = sourcecode.c.objc; path = ADNStreamMarker.m; sourceTree = "<group>"; };
		252A2C1D16E546F900DAE393 /* ADNPlace.h */ = {isa = PBXFileReference; fileEncoding = 4; lastKnownFileType = sourcecode.c.h; path = ADNPlace.h; sourceTree = "<group>"; };
		252A2C1E16E546F900DAE393 /* ADNPlace.m */ = {isa = PBXFileReference; fileEncoding = 4; lastKnownFileType = sourcecode.c.objc; path = ADNPlace.m; sourceTree = "<group>"; };
		252A2C2216E5472400DAE393 /* ADNExploreStream.h */ = {isa = PBXFileReference; fileEncoding = 4; lastKnownFileType = sourcecode.c.h; path = ADNExploreStream.h; sourceTree = "<group>"; };
		252A2C2316E5472400DAE393 /* ADNExploreStream.m */ = {isa = PBXFileReference; fileEncoding = 4; lastKnownFileType = sourcecode.c.objc; path = ADNExploreStream.m; sourceTree = "<group>"; };
		252A2C2716E5473D00DAE393 /* ADNAnnotation.h */ = {isa = PBXFileReference; fileEncoding = 4; lastKnownFileType = sourcecode.c.h; path = ADNAnnotation.h; sourceTree = "<group>"; };
		252A2C2816E5473D00DAE393 /* ADNAnnotation.m */ = {isa = PBXFileReference; fileEncoding = 4; lastKnownFileType = sourcecode.c.objc; path = ADNAnnotation.m; sourceTree = "<group>"; };
		252A2C2C16E5477B00DAE393 /* ADNEntities.h */ = {isa = PBXFileReference; fileEncoding = 4; lastKnownFileType = sourcecode.c.h; path = ADNEntities.h; sourceTree = "<group>"; };
		252A2C2D16E5477B00DAE393 /* ADNEntities.m */ = {isa = PBXFileReference; fileEncoding = 4; lastKnownFileType = sourcecode.c.objc; path = ADNEntities.m; sourceTree = "<group>"; };
		252A2C3116E5489300DAE393 /* ADNAnnotatableResource.h */ = {isa = PBXFileReference; fileEncoding = 4; lastKnownFileType = sourcecode.c.h; path = ADNAnnotatableResource.h; sourceTree = "<group>"; };
		252A2C3216E5489300DAE393 /* ADNAnnotatableResource.m */ = {isa = PBXFileReference; fileEncoding = 4; lastKnownFileType = sourcecode.c.objc; path = ADNAnnotatableResource.m; sourceTree = "<group>"; };
		252A2C3616E55ACD00DAE393 /* ADNImage.h */ = {isa = PBXFileReference; fileEncoding = 4; lastKnownFileType = sourcecode.c.h; path = ADNImage.h; sourceTree = "<group>"; };
		252A2C3716E55ACD00DAE393 /* ADNImage.m */ = {isa = PBXFileReference; fileEncoding = 4; lastKnownFileType = sourcecode.c.objc; path = ADNImage.m; sourceTree = "<group>"; };
		252A2C3B16E55B5100DAE393 /* ADNUserCounts.h */ = {isa = PBXFileReference; fileEncoding = 4; lastKnownFileType = sourcecode.c.h; path = ADNUserCounts.h; sourceTree = "<group>"; };
		252A2C3C16E55B5200DAE393 /* ADNUserCounts.m */ = {isa = PBXFileReference; fileEncoding = 4; lastKnownFileType = sourcecode.c.objc; path = ADNUserCounts.m; sourceTree = "<group>"; };
		252A2C4316E5624700DAE393 /* ADNClient.h */ = {isa = PBXFileReference; fileEncoding = 4; lastKnownFileType = sourcecode.c.h; path = ADNClient.h; sourceTree = "<group>"; };
		252A2C4416E5624700DAE393 /* ADNClient.m */ = {isa = PBXFileReference; fileEncoding = 4; lastKnownFileType = sourcecode.c.objc; path = ADNClient.m; sourceTree = "<group>"; };
		252A2C5A16E7117700DAE393 /* ADNClient+ADNPostStreams.h */ = {isa = PBXFileReference; fileEncoding = 4; lastKnownFileType = sourcecode.c.h; path = "ADNClient+ADNPostStreams.h"; sourceTree = "<group>"; };
		252A2C5B16E7117700DAE393 /* ADNClient+ADNPostStreams.m */ = {isa = PBXFileReference; fileEncoding = 4; lastKnownFileType = sourcecode.c.objc; path = "ADNClient+ADNPostStreams.m"; sourceTree = "<group>"; };
		5DC370D916E0805E00190862 /* libADNKit.a */ = {isa = PBXFileReference; explicitFileType = archive.ar; includeInIndex = 0; name = libADNKit.a; path = "libADNKit-iOS.a"; sourceTree = BUILT_PRODUCTS_DIR; };
		5DC370DC16E0805E00190862 /* Foundation.framework */ = {isa = PBXFileReference; lastKnownFileType = wrapper.framework; name = Foundation.framework; path = System/Library/Frameworks/Foundation.framework; sourceTree = SDKROOT; };
		5DC370E016E0805E00190862 /* ADNKit-Prefix.pch */ = {isa = PBXFileReference; lastKnownFileType = sourcecode.c.h; path = "ADNKit-Prefix.pch"; sourceTree = "<group>"; };
		5DC370E116E0805E00190862 /* ADNKit.h */ = {isa = PBXFileReference; lastKnownFileType = sourcecode.c.h; name = ADNKit.h; path = ADNKit/ADNKit.h; sourceTree = "<group>"; };
		5DC370F016E0807000190862 /* Cocoa.framework */ = {isa = PBXFileReference; lastKnownFileType = wrapper.framework; name = Cocoa.framework; path = Library/Frameworks/Cocoa.framework; sourceTree = DEVELOPER_DIR; };
		5DC370F316E0807000190862 /* AppKit.framework */ = {isa = PBXFileReference; lastKnownFileType = wrapper.framework; name = AppKit.framework; path = Library/Frameworks/AppKit.framework; sourceTree = SDKROOT; };
		5DC370F416E0807000190862 /* CoreData.framework */ = {isa = PBXFileReference; lastKnownFileType = wrapper.framework; name = CoreData.framework; path = Library/Frameworks/CoreData.framework; sourceTree = SDKROOT; };
		5DC370F516E0807000190862 /* Foundation.framework */ = {isa = PBXFileReference; lastKnownFileType = wrapper.framework; name = Foundation.framework; path = Library/Frameworks/Foundation.framework; sourceTree = SDKROOT; };
		5DC3710816E0808C00190862 /* ADNKit.framework */ = {isa = PBXFileReference; explicitFileType = wrapper.framework; includeInIndex = 0; path = ADNKit.framework; sourceTree = BUILT_PRODUCTS_DIR; };
		5DC3710C16E0808C00190862 /* ADNKit-OSX-Info.plist */ = {isa = PBXFileReference; lastKnownFileType = text.plist.xml; path = "ADNKit-OSX-Info.plist"; sourceTree = "<group>"; };
		5DC3710E16E0808C00190862 /* en */ = {isa = PBXFileReference; lastKnownFileType = text.plist.strings; name = en; path = en.lproj/InfoPlist.strings; sourceTree = "<group>"; };
		5DC3724716E3AE1500190862 /* AFHTTPClient.h */ = {isa = PBXFileReference; fileEncoding = 4; lastKnownFileType = sourcecode.c.h; path = AFHTTPClient.h; sourceTree = "<group>"; };
		5DC3724816E3AE1500190862 /* AFHTTPClient.m */ = {isa = PBXFileReference; fileEncoding = 4; lastKnownFileType = sourcecode.c.objc; path = AFHTTPClient.m; sourceTree = "<group>"; };
		5DC3724916E3AE1500190862 /* AFHTTPRequestOperation.h */ = {isa = PBXFileReference; fileEncoding = 4; lastKnownFileType = sourcecode.c.h; path = AFHTTPRequestOperation.h; sourceTree = "<group>"; };
		5DC3724A16E3AE1500190862 /* AFHTTPRequestOperation.m */ = {isa = PBXFileReference; fileEncoding = 4; lastKnownFileType = sourcecode.c.objc; path = AFHTTPRequestOperation.m; sourceTree = "<group>"; };
		5DC3724B16E3AE1500190862 /* AFImageRequestOperation.h */ = {isa = PBXFileReference; fileEncoding = 4; lastKnownFileType = sourcecode.c.h; path = AFImageRequestOperation.h; sourceTree = "<group>"; };
		5DC3724C16E3AE1500190862 /* AFImageRequestOperation.m */ = {isa = PBXFileReference; fileEncoding = 4; lastKnownFileType = sourcecode.c.objc; path = AFImageRequestOperation.m; sourceTree = "<group>"; };
		5DC3724D16E3AE1500190862 /* AFJSONRequestOperation.h */ = {isa = PBXFileReference; fileEncoding = 4; lastKnownFileType = sourcecode.c.h; path = AFJSONRequestOperation.h; sourceTree = "<group>"; };
		5DC3724E16E3AE1500190862 /* AFJSONRequestOperation.m */ = {isa = PBXFileReference; fileEncoding = 4; lastKnownFileType = sourcecode.c.objc; path = AFJSONRequestOperation.m; sourceTree = "<group>"; };
		5DC3724F16E3AE1500190862 /* AFNetworkActivityIndicatorManager.h */ = {isa = PBXFileReference; fileEncoding = 4; lastKnownFileType = sourcecode.c.h; path = AFNetworkActivityIndicatorManager.h; sourceTree = "<group>"; };
		5DC3725016E3AE1500190862 /* AFNetworkActivityIndicatorManager.m */ = {isa = PBXFileReference; fileEncoding = 4; lastKnownFileType = sourcecode.c.objc; path = AFNetworkActivityIndicatorManager.m; sourceTree = "<group>"; };
		5DC3725116E3AE1500190862 /* AFNetworking.h */ = {isa = PBXFileReference; fileEncoding = 4; lastKnownFileType = sourcecode.c.h; path = AFNetworking.h; sourceTree = "<group>"; };
		5DC3725216E3AE1500190862 /* AFPropertyListRequestOperation.h */ = {isa = PBXFileReference; fileEncoding = 4; lastKnownFileType = sourcecode.c.h; path = AFPropertyListRequestOperation.h; sourceTree = "<group>"; };
		5DC3725316E3AE1500190862 /* AFPropertyListRequestOperation.m */ = {isa = PBXFileReference; fileEncoding = 4; lastKnownFileType = sourcecode.c.objc; path = AFPropertyListRequestOperation.m; sourceTree = "<group>"; };
		5DC3725416E3AE1500190862 /* AFURLConnectionOperation.h */ = {isa = PBXFileReference; fileEncoding = 4; lastKnownFileType = sourcecode.c.h; path = AFURLConnectionOperation.h; sourceTree = "<group>"; };
		5DC3725516E3AE1500190862 /* AFURLConnectionOperation.m */ = {isa = PBXFileReference; fileEncoding = 4; lastKnownFileType = sourcecode.c.objc; path = AFURLConnectionOperation.m; sourceTree = "<group>"; };
		5DC3725616E3AE1500190862 /* AFXMLRequestOperation.h */ = {isa = PBXFileReference; fileEncoding = 4; lastKnownFileType = sourcecode.c.h; path = AFXMLRequestOperation.h; sourceTree = "<group>"; };
		5DC3725716E3AE1500190862 /* AFXMLRequestOperation.m */ = {isa = PBXFileReference; fileEncoding = 4; lastKnownFileType = sourcecode.c.objc; path = AFXMLRequestOperation.m; sourceTree = "<group>"; };
		5DC3725816E3AE1500190862 /* UIImageView+AFNetworking.h */ = {isa = PBXFileReference; fileEncoding = 4; lastKnownFileType = sourcecode.c.h; path = "UIImageView+AFNetworking.h"; sourceTree = "<group>"; };
		5DC3725916E3AE1500190862 /* UIImageView+AFNetworking.m */ = {isa = PBXFileReference; fileEncoding = 4; lastKnownFileType = sourcecode.c.objc; path = "UIImageView+AFNetworking.m"; sourceTree = "<group>"; };
		5DC3727616E3AF3800190862 /* CoreLocation.framework */ = {isa = PBXFileReference; lastKnownFileType = wrapper.framework; name = CoreLocation.framework; path = System/Library/Frameworks/CoreLocation.framework; sourceTree = SDKROOT; };
		5DC3727816E3AF4000190862 /* SystemConfiguration.framework */ = {isa = PBXFileReference; lastKnownFileType = wrapper.framework; name = SystemConfiguration.framework; path = System/Library/Frameworks/SystemConfiguration.framework; sourceTree = SDKROOT; };
		5DC3727A16E3AF4400190862 /* MobileCoreServices.framework */ = {isa = PBXFileReference; lastKnownFileType = wrapper.framework; name = MobileCoreServices.framework; path = System/Library/Frameworks/MobileCoreServices.framework; sourceTree = SDKROOT; };
		5DC3727D16E3AF6900190862 /* UIKit.framework */ = {isa = PBXFileReference; lastKnownFileType = wrapper.framework; name = UIKit.framework; path = System/Library/Frameworks/UIKit.framework; sourceTree = SDKROOT; };
		5DC3728016E3AF8800190862 /* CoreLocation.framework */ = {isa = PBXFileReference; lastKnownFileType = wrapper.framework; name = CoreLocation.framework; path = Platforms/MacOSX.platform/Developer/SDKs/MacOSX10.8.sdk/System/Library/Frameworks/CoreLocation.framework; sourceTree = DEVELOPER_DIR; };
		5DC3728216E3AF8E00190862 /* SystemConfiguration.framework */ = {isa = PBXFileReference; lastKnownFileType = wrapper.framework; name = SystemConfiguration.framework; path = Platforms/MacOSX.platform/Developer/SDKs/MacOSX10.8.sdk/System/Library/Frameworks/SystemConfiguration.framework; sourceTree = DEVELOPER_DIR; };
		5DC3728816E3B10800190862 /* ADNResource.h */ = {isa = PBXFileReference; fileEncoding = 4; lastKnownFileType = sourcecode.c.h; path = ADNResource.h; sourceTree = "<group>"; };
		5DC3728916E3B10800190862 /* ADNResource.m */ = {isa = PBXFileReference; fileEncoding = 4; lastKnownFileType = sourcecode.c.objc; path = ADNResource.m; sourceTree = "<group>"; };
		5DC3729616E3B4D300190862 /* ADNJSONRequestOperation.h */ = {isa = PBXFileReference; fileEncoding = 4; lastKnownFileType = sourcecode.c.h; path = ADNJSONRequestOperation.h; sourceTree = "<group>"; };
		5DC3729716E3B4D300190862 /* ADNJSONRequestOperation.m */ = {isa = PBXFileReference; fileEncoding = 4; lastKnownFileType = sourcecode.c.objc; path = ADNJSONRequestOperation.m; sourceTree = "<group>"; };
		5DC3729B16E3B66700190862 /* ADNResponse.h */ = {isa = PBXFileReference; fileEncoding = 4; lastKnownFileType = sourcecode.c.h; path = ADNResponse.h; sourceTree = "<group>"; };
		5DC3729C16E3B66700190862 /* ADNResponse.m */ = {isa = PBXFileReference; fileEncoding = 4; lastKnownFileType = sourcecode.c.objc; path = ADNResponse.m; sourceTree = "<group>"; };
		5DC372A116E448ED00190862 /* NSArray+ADNAdditions.h */ = {isa = PBXFileReference; fileEncoding = 4; lastKnownFileType = sourcecode.c.h; path = "NSArray+ADNAdditions.h"; sourceTree = "<group>"; };
		5DC372A216E448ED00190862 /* NSArray+ADNAdditions.m */ = {isa = PBXFileReference; fileEncoding = 4; lastKnownFileType = sourcecode.c.objc; path = "NSArray+ADNAdditions.m"; sourceTree = "<group>"; };
		5DC372A616E44AE500190862 /* ADNValueTransformations.h */ = {isa = PBXFileReference; fileEncoding = 4; lastKnownFileType = sourcecode.c.h; path = ADNValueTransformations.h; sourceTree = "<group>"; };
		5DC372A716E44AE500190862 /* ADNValueTransformations.m */ = {isa = PBXFileReference; fileEncoding = 4; lastKnownFileType = sourcecode.c.objc; path = ADNValueTransformations.m; sourceTree = "<group>"; };
		5DC372F516E4752000190862 /* ADNClient+ADNUser.h */ = {isa = PBXFileReference; fileEncoding = 4; lastKnownFileType = sourcecode.c.h; path = "ADNClient+ADNUser.h"; sourceTree = "<group>"; };
		5DC372F616E4752000190862 /* ADNClient+ADNUser.m */ = {isa = PBXFileReference; fileEncoding = 4; lastKnownFileType = sourcecode.c.objc; path = "ADNClient+ADNUser.m"; sourceTree = "<group>"; };
		5DC372FA16E4758F00190862 /* ADNUser.h */ = {isa = PBXFileReference; fileEncoding = 4; lastKnownFileType = sourcecode.c.h; path = ADNUser.h; sourceTree = "<group>"; };
		5DC372FB16E4759000190862 /* ADNUser.m */ = {isa = PBXFileReference; fileEncoding = 4; lastKnownFileType = sourcecode.c.objc; path = ADNUser.m; sourceTree = "<group>"; };
		5DC372FF16E4822A00190862 /* NSDictionary+ADNAdditions.h */ = {isa = PBXFileReference; fileEncoding = 4; lastKnownFileType = sourcecode.c.h; path = "NSDictionary+ADNAdditions.h"; sourceTree = "<group>"; };
		5DC3730016E4822A00190862 /* NSDictionary+ADNAdditions.m */ = {isa = PBXFileReference; fileEncoding = 4; lastKnownFileType = sourcecode.c.objc; path = "NSDictionary+ADNAdditions.m"; sourceTree = "<group>"; };
		5DC3730B16E5CDD600190862 /* ADNUserDescription.h */ = {isa = PBXFileReference; fileEncoding = 4; lastKnownFileType = sourcecode.c.h; path = ADNUserDescription.h; sourceTree = "<group>"; };
		5DC3730C16E5CDD700190862 /* ADNUserDescription.m */ = {isa = PBXFileReference; fileEncoding = 4; lastKnownFileType = sourcecode.c.objc; path = ADNUserDescription.m; sourceTree = "<group>"; };
		5DC3731116E65BDA00190862 /* ADNObjectSource.h */ = {isa = PBXFileReference; fileEncoding = 4; lastKnownFileType = sourcecode.c.h; path = ADNObjectSource.h; sourceTree = "<group>"; };
		5DC3731216E65BDC00190862 /* ADNObjectSource.m */ = {isa = PBXFileReference; fileEncoding = 4; lastKnownFileType = sourcecode.c.objc; path = ADNObjectSource.m; sourceTree = "<group>"; };
		5DC3731916E6661500190862 /* ADNClient+ADNPost.h */ = {isa = PBXFileReference; fileEncoding = 4; lastKnownFileType = sourcecode.c.h; path = "ADNClient+ADNPost.h"; sourceTree = "<group>"; };
		5DC3731A16E6661500190862 /* ADNClient+ADNPost.m */ = {isa = PBXFileReference; fileEncoding = 4; lastKnownFileType = sourcecode.c.objc; path = "ADNClient+ADNPost.m"; sourceTree = "<group>"; };
		5DC3731E16E6661D00190862 /* ADNClient+ADNFile.h */ = {isa = PBXFileReference; fileEncoding = 4; lastKnownFileType = sourcecode.c.h; path = "ADNClient+ADNFile.h"; sourceTree = "<group>"; };
		5DC3731F16E6661D00190862 /* ADNClient+ADNFile.m */ = {isa = PBXFileReference; fileEncoding = 4; lastKnownFileType = sourcecode.c.objc; path = "ADNClient+ADNFile.m"; sourceTree = "<group>"; };
		5DF6EF6E16E8F80B0018D445 /* ADNChannelCounts.h */ = {isa = PBXFileReference; fileEncoding = 4; lastKnownFileType = sourcecode.c.h; path = ADNChannelCounts.h; sourceTree = "<group>"; };
		5DF6EF6F16E8F80B0018D445 /* ADNChannelCounts.m */ = {isa = PBXFileReference; fileEncoding = 4; lastKnownFileType = sourcecode.c.objc; path = ADNChannelCounts.m; sourceTree = "<group>"; };
		5DF6EF7316E8FAE50018D445 /* ADNACL.h */ = {isa = PBXFileReference; fileEncoding = 4; lastKnownFileType = sourcecode.c.h; path = ADNACL.h; sourceTree = "<group>"; };
		5DF6EF7416E8FAE50018D445 /* ADNACL.m */ = {isa = PBXFileReference; fileEncoding = 4; lastKnownFileType = sourcecode.c.objc; path = ADNACL.m; sourceTree = "<group>"; };
/* End PBXFileReference section */

/* Begin PBXFrameworksBuildPhase section */
		5DC370D616E0805E00190862 /* Frameworks */ = {
			isa = PBXFrameworksBuildPhase;
			buildActionMask = 2147483647;
			files = (
				5DC3727E16E3AF6900190862 /* UIKit.framework in Frameworks */,
				5DC3727B16E3AF4400190862 /* MobileCoreServices.framework in Frameworks */,
				5DC3727916E3AF4000190862 /* SystemConfiguration.framework in Frameworks */,
				5DC3727716E3AF3800190862 /* CoreLocation.framework in Frameworks */,
				5DC370DD16E0805E00190862 /* Foundation.framework in Frameworks */,
			);
			runOnlyForDeploymentPostprocessing = 0;
		};
		5DC3710416E0808C00190862 /* Frameworks */ = {
			isa = PBXFrameworksBuildPhase;
			buildActionMask = 2147483647;
			files = (
				5DC3728316E3AF8E00190862 /* SystemConfiguration.framework in Frameworks */,
				5DC3728116E3AF8900190862 /* CoreLocation.framework in Frameworks */,
				5DC3710916E0808C00190862 /* Cocoa.framework in Frameworks */,
			);
			runOnlyForDeploymentPostprocessing = 0;
		};
/* End PBXFrameworksBuildPhase section */

/* Begin PBXGroup section */
		5DC370D016E0805E00190862 = {
			isa = PBXGroup;
			children = (
				5DC370E116E0805E00190862 /* ADNKit.h */,
				5DC370DE16E0805E00190862 /* ADNKit */,
				5DC3710A16E0808C00190862 /* ADNKit-OSX */,
				5DC3724616E3AE1500190862 /* AFNetworking */,
				5DC370DB16E0805E00190862 /* Frameworks */,
				5DC370DA16E0805E00190862 /* Products */,
			);
			sourceTree = "<group>";
		};
		5DC370DA16E0805E00190862 /* Products */ = {
			isa = PBXGroup;
			children = (
				5DC370D916E0805E00190862 /* libADNKit.a */,
				5DC3710816E0808C00190862 /* ADNKit.framework */,
			);
			name = Products;
			sourceTree = "<group>";
		};
		5DC370DB16E0805E00190862 /* Frameworks */ = {
			isa = PBXGroup;
			children = (
				5DC3727C16E3AF6100190862 /* iOS */,
				5DC3727F16E3AF7A00190862 /* OS X */,
			);
			name = Frameworks;
			sourceTree = "<group>";
		};
		5DC370DE16E0805E00190862 /* ADNKit */ = {
			isa = PBXGroup;
			children = (
				252A2C4316E5624700DAE393 /* ADNClient.h */,
				252A2C4416E5624700DAE393 /* ADNClient.m */,
				5DC3728716E3B0FC00190862 /* Resources */,
				5DC372F416E4750800190862 /* API Calls */,
				5DC3728D16E3B2CB00190862 /* Networking */,
				5DC372A016E448A900190862 /* Categories */,
				5DC370DF16E0805E00190862 /* Supporting Files */,
			);
			path = ADNKit;
			sourceTree = "<group>";
		};
		5DC370DF16E0805E00190862 /* Supporting Files */ = {
			isa = PBXGroup;
			children = (
				5DC370E016E0805E00190862 /* ADNKit-Prefix.pch */,
			);
			name = "Supporting Files";
			sourceTree = "<group>";
		};
		5DC3710A16E0808C00190862 /* ADNKit-OSX */ = {
			isa = PBXGroup;
			children = (
				5DC3710B16E0808C00190862 /* Supporting Files */,
			);
			path = "ADNKit-OSX";
			sourceTree = "<group>";
		};
		5DC3710B16E0808C00190862 /* Supporting Files */ = {
			isa = PBXGroup;
			children = (
				5DC3710C16E0808C00190862 /* ADNKit-OSX-Info.plist */,
				5DC3710D16E0808C00190862 /* InfoPlist.strings */,
			);
			name = "Supporting Files";
			sourceTree = "<group>";
		};
		5DC3724616E3AE1500190862 /* AFNetworking */ = {
			isa = PBXGroup;
			children = (
				5DC3725116E3AE1500190862 /* AFNetworking.h */,
				5DC3724716E3AE1500190862 /* AFHTTPClient.h */,
				5DC3724816E3AE1500190862 /* AFHTTPClient.m */,
				5DC3724916E3AE1500190862 /* AFHTTPRequestOperation.h */,
				5DC3724A16E3AE1500190862 /* AFHTTPRequestOperation.m */,
				5DC3724B16E3AE1500190862 /* AFImageRequestOperation.h */,
				5DC3724C16E3AE1500190862 /* AFImageRequestOperation.m */,
				5DC3724D16E3AE1500190862 /* AFJSONRequestOperation.h */,
				5DC3724E16E3AE1500190862 /* AFJSONRequestOperation.m */,
				5DC3725216E3AE1500190862 /* AFPropertyListRequestOperation.h */,
				5DC3725316E3AE1500190862 /* AFPropertyListRequestOperation.m */,
				5DC3725416E3AE1500190862 /* AFURLConnectionOperation.h */,
				5DC3725516E3AE1500190862 /* AFURLConnectionOperation.m */,
				5DC3725616E3AE1500190862 /* AFXMLRequestOperation.h */,
				5DC3725716E3AE1500190862 /* AFXMLRequestOperation.m */,
				5DC3725816E3AE1500190862 /* UIImageView+AFNetworking.h */,
				5DC3725916E3AE1500190862 /* UIImageView+AFNetworking.m */,
				5DC3724F16E3AE1500190862 /* AFNetworkActivityIndicatorManager.h */,
				5DC3725016E3AE1500190862 /* AFNetworkActivityIndicatorManager.m */,
			);
			name = AFNetworking;
			path = External/AFNetworking/AFNetworking;
			sourceTree = "<group>";
		};
		5DC3727C16E3AF6100190862 /* iOS */ = {
			isa = PBXGroup;
			children = (
				5DC3727D16E3AF6900190862 /* UIKit.framework */,
				5DC3727A16E3AF4400190862 /* MobileCoreServices.framework */,
				5DC3727816E3AF4000190862 /* SystemConfiguration.framework */,
				5DC3727616E3AF3800190862 /* CoreLocation.framework */,
				5DC370DC16E0805E00190862 /* Foundation.framework */,
			);
			name = iOS;
			sourceTree = "<group>";
		};
		5DC3727F16E3AF7A00190862 /* OS X */ = {
			isa = PBXGroup;
			children = (
				5DC370F016E0807000190862 /* Cocoa.framework */,
				5DC370F316E0807000190862 /* AppKit.framework */,
				5DC370F416E0807000190862 /* CoreData.framework */,
				5DC370F516E0807000190862 /* Foundation.framework */,
				5DC3728216E3AF8E00190862 /* SystemConfiguration.framework */,
				5DC3728016E3AF8800190862 /* CoreLocation.framework */,
			);
			name = "OS X";
			sourceTree = "<group>";
		};
		5DC3728716E3B0FC00190862 /* Resources */ = {
			isa = PBXGroup;
			children = (
				5DC372A616E44AE500190862 /* ADNValueTransformations.h */,
				5DC372A716E44AE500190862 /* ADNValueTransformations.m */,
				5DC3728816E3B10800190862 /* ADNResource.h */,
				5DC3728916E3B10800190862 /* ADNResource.m */,
				252A2C3116E5489300DAE393 /* ADNAnnotatableResource.h */,
				252A2C3216E5489300DAE393 /* ADNAnnotatableResource.m */,
				5DC372FA16E4758F00190862 /* ADNUser.h */,
				5DC372FB16E4759000190862 /* ADNUser.m */,
				252A2C3B16E55B5100DAE393 /* ADNUserCounts.h */,
				252A2C3C16E55B5200DAE393 /* ADNUserCounts.m */,
				5DC3730B16E5CDD600190862 /* ADNUserDescription.h */,
				5DC3730C16E5CDD700190862 /* ADNUserDescription.m */,
				252A2BF516E545F100DAE393 /* ADNPost.h */,
				252A2BF616E545F100DAE393 /* ADNPost.m */,
				5DC3731116E65BDA00190862 /* ADNObjectSource.h */,
				5DC3731216E65BDC00190862 /* ADNObjectSource.m */,
				252A2BFA16E5462D00DAE393 /* ADNChannel.h */,
				252A2BFB16E5462D00DAE393 /* ADNChannel.m */,
				5DF6EF6E16E8F80B0018D445 /* ADNChannelCounts.h */,
				5DF6EF6F16E8F80B0018D445 /* ADNChannelCounts.m */,
				5DF6EF7316E8FAE50018D445 /* ADNACL.h */,
				5DF6EF7416E8FAE50018D445 /* ADNACL.m */,
				252A2BFF16E5464700DAE393 /* ADNMessage.h */,
				252A2C0016E5464700DAE393 /* ADNMessage.m */,
				252A2C0416E5465A00DAE393 /* ADNFile.h */,
				252A2C0516E5465A00DAE393 /* ADNFile.m */,
				252A2C0916E5466A00DAE393 /* ADNStream.h */,
				252A2C0A16E5466A00DAE393 /* ADNStream.m */,
				252A2C0E16E5467300DAE393 /* ADNFilter.h */,
				252A2C0F16E5467400DAE393 /* ADNFilter.m */,
				252A2C1316E5467B00DAE393 /* ADNInteraction.h */,
				252A2C1416E5467B00DAE393 /* ADNInteraction.m */,
				252A2C1816E5468700DAE393 /* ADNStreamMarker.h */,
				252A2C1916E5468700DAE393 /* ADNStreamMarker.m */,
				252A2C1D16E546F900DAE393 /* ADNPlace.h */,
				252A2C1E16E546F900DAE393 /* ADNPlace.m */,
				252A2C2216E5472400DAE393 /* ADNExploreStream.h */,
				252A2C2316E5472400DAE393 /* ADNExploreStream.m */,
				252A2C2716E5473D00DAE393 /* ADNAnnotation.h */,
				252A2C2816E5473D00DAE393 /* ADNAnnotation.m */,
				252A2C2C16E5477B00DAE393 /* ADNEntities.h */,
				252A2C2D16E5477B00DAE393 /* ADNEntities.m */,
				252A2C3616E55ACD00DAE393 /* ADNImage.h */,
				252A2C3716E55ACD00DAE393 /* ADNImage.m */,
			);
			path = Resources;
			sourceTree = "<group>";
		};
		5DC3728D16E3B2CB00190862 /* Networking */ = {
			isa = PBXGroup;
			children = (
				5DC3729616E3B4D300190862 /* ADNJSONRequestOperation.h */,
				5DC3729716E3B4D300190862 /* ADNJSONRequestOperation.m */,
				5DC3729B16E3B66700190862 /* ADNResponse.h */,
				5DC3729C16E3B66700190862 /* ADNResponse.m */,
			);
			path = Networking;
			sourceTree = "<group>";
		};
		5DC372A016E448A900190862 /* Categories */ = {
			isa = PBXGroup;
			children = (
				5DC372A116E448ED00190862 /* NSArray+ADNAdditions.h */,
				5DC372A216E448ED00190862 /* NSArray+ADNAdditions.m */,
				5DC372FF16E4822A00190862 /* NSDictionary+ADNAdditions.h */,
				5DC3730016E4822A00190862 /* NSDictionary+ADNAdditions.m */,
			);
			path = Categories;
			sourceTree = "<group>";
		};
		5DC372F416E4750800190862 /* API Calls */ = {
			isa = PBXGroup;
			children = (
				5DC372F516E4752000190862 /* ADNClient+ADNUser.h */,
				5DC372F616E4752000190862 /* ADNClient+ADNUser.m */,
				5DC3731916E6661500190862 /* ADNClient+ADNPost.h */,
				5DC3731A16E6661500190862 /* ADNClient+ADNPost.m */,
				252A2C5A16E7117700DAE393 /* ADNClient+ADNPostStreams.h */,
				252A2C5B16E7117700DAE393 /* ADNClient+ADNPostStreams.m */,
				5DC3731E16E6661D00190862 /* ADNClient+ADNFile.h */,
				5DC3731F16E6661D00190862 /* ADNClient+ADNFile.m */,
			);
			path = "API Calls";
			sourceTree = "<group>";
		};
/* End PBXGroup section */

/* Begin PBXHeadersBuildPhase section */
		5DC3710516E0808C00190862 /* Headers */ = {
			isa = PBXHeadersBuildPhase;
			buildActionMask = 2147483647;
			files = (
				5DC3725A16E3AE1500190862 /* AFHTTPClient.h in Headers */,
				5DC3725D16E3AE1500190862 /* AFHTTPRequestOperation.h in Headers */,
				5DC3726016E3AE1500190862 /* AFImageRequestOperation.h in Headers */,
				5DC3726316E3AE1500190862 /* AFJSONRequestOperation.h in Headers */,
				5DC3726916E3AE1500190862 /* AFNetworking.h in Headers */,
				5DC3726A16E3AE1500190862 /* AFPropertyListRequestOperation.h in Headers */,
				5DC3726D16E3AE1500190862 /* AFURLConnectionOperation.h in Headers */,
				5DC3727016E3AE1500190862 /* AFXMLRequestOperation.h in Headers */,
				5DC3728A16E3B10800190862 /* ADNResource.h in Headers */,
				5DC3729816E3B4D300190862 /* ADNJSONRequestOperation.h in Headers */,
				5DC3729D16E3B66700190862 /* ADNResponse.h in Headers */,
				5DC372A316E448ED00190862 /* NSArray+ADNAdditions.h in Headers */,
				5DC372A816E44AE500190862 /* ADNValueTransformations.h in Headers */,
				5DC372F716E4752000190862 /* ADNClient+ADNUser.h in Headers */,
				5DC372FC16E4759000190862 /* ADNUser.h in Headers */,
				5DC3730116E4822A00190862 /* NSDictionary+ADNAdditions.h in Headers */,
				252A2BF916E545FC00DAE393 /* ADNPost.h in Headers */,
				252A2BFE16E5463400DAE393 /* ADNChannel.h in Headers */,
				252A2C0116E5464700DAE393 /* ADNMessage.h in Headers */,
				252A2C0616E5465A00DAE393 /* ADNFile.h in Headers */,
				252A2C0B16E5466A00DAE393 /* ADNStream.h in Headers */,
				252A2C1016E5467400DAE393 /* ADNFilter.h in Headers */,
				252A2C1516E5467B00DAE393 /* ADNInteraction.h in Headers */,
				252A2C1A16E5468700DAE393 /* ADNStreamMarker.h in Headers */,
				252A2C1F16E546F900DAE393 /* ADNPlace.h in Headers */,
				252A2C2416E5472400DAE393 /* ADNExploreStream.h in Headers */,
				252A2C2916E5473D00DAE393 /* ADNAnnotation.h in Headers */,
				252A2C3316E5489400DAE393 /* ADNAnnotatableResource.h in Headers */,
				252A2C3816E55ACD00DAE393 /* ADNImage.h in Headers */,
				252A2C3D16E55B5200DAE393 /* ADNUserCounts.h in Headers */,
				252A2C4516E5624700DAE393 /* ADNClient.h in Headers */,
				5DC3730D16E5CDDB00190862 /* ADNUserDescription.h in Headers */,
				5DC3731316E65BDD00190862 /* ADNObjectSource.h in Headers */,
				5DC3731616E665CE00190862 /* ADNEntities.h in Headers */,
				5DC3731B16E6661500190862 /* ADNClient+ADNPost.h in Headers */,
				5DC3732016E6661D00190862 /* ADNClient+ADNFile.h in Headers */,
				252A2C5C16E7117700DAE393 /* ADNClient+ADNPostStreams.h in Headers */,
				5DF6EF7016E8F80C0018D445 /* ADNChannelCounts.h in Headers */,
				5DF6EF7516E8FAE60018D445 /* ADNACL.h in Headers */,
			);
			runOnlyForDeploymentPostprocessing = 0;
		};
/* End PBXHeadersBuildPhase section */

/* Begin PBXNativeTarget section */
		5DC370D816E0805E00190862 /* ADNKit-iOS */ = {
			isa = PBXNativeTarget;
			buildConfigurationList = 5DC370E716E0805E00190862 /* Build configuration list for PBXNativeTarget "ADNKit-iOS" */;
			buildPhases = (
				5DC370D516E0805E00190862 /* Sources */,
				5DC370D616E0805E00190862 /* Frameworks */,
				5DC370D716E0805E00190862 /* CopyFiles */,
			);
			buildRules = (
			);
			dependencies = (
			);
			name = "ADNKit-iOS";
			productName = ADNKit;
			productReference = 5DC370D916E0805E00190862 /* libADNKit.a */;
			productType = "com.apple.product-type.library.static";
		};
		5DC3710716E0808C00190862 /* ADNKit-OSX */ = {
			isa = PBXNativeTarget;
			buildConfigurationList = 5DC3711416E0808C00190862 /* Build configuration list for PBXNativeTarget "ADNKit-OSX" */;
			buildPhases = (
				5DC3710316E0808C00190862 /* Sources */,
				5DC3710416E0808C00190862 /* Frameworks */,
				5DC3710516E0808C00190862 /* Headers */,
				5DC3710616E0808C00190862 /* Resources */,
			);
			buildRules = (
			);
			dependencies = (
			);
			name = "ADNKit-OSX";
			productName = "ADNKit-OSX";
			productReference = 5DC3710816E0808C00190862 /* ADNKit.framework */;
			productType = "com.apple.product-type.framework";
		};
/* End PBXNativeTarget section */

/* Begin PBXProject section */
		5DC370D116E0805E00190862 /* Project object */ = {
			isa = PBXProject;
			attributes = {
				LastUpgradeCheck = 0460;
				ORGANIZATIONNAME = "Afterwork Studios";
			};
			buildConfigurationList = 5DC370D416E0805E00190862 /* Build configuration list for PBXProject "ADNKit" */;
			compatibilityVersion = "Xcode 3.2";
			developmentRegion = English;
			hasScannedForEncodings = 0;
			knownRegions = (
				en,
			);
			mainGroup = 5DC370D016E0805E00190862;
			productRefGroup = 5DC370DA16E0805E00190862 /* Products */;
			projectDirPath = "";
			projectRoot = "";
			targets = (
				5DC370D816E0805E00190862 /* ADNKit-iOS */,
				5DC3710716E0808C00190862 /* ADNKit-OSX */,
			);
		};
/* End PBXProject section */

/* Begin PBXResourcesBuildPhase section */
		5DC3710616E0808C00190862 /* Resources */ = {
			isa = PBXResourcesBuildPhase;
			buildActionMask = 2147483647;
			files = (
				5DC3710F16E0808C00190862 /* InfoPlist.strings in Resources */,
			);
			runOnlyForDeploymentPostprocessing = 0;
		};
/* End PBXResourcesBuildPhase section */

/* Begin PBXSourcesBuildPhase section */
		5DC370D516E0805E00190862 /* Sources */ = {
			isa = PBXSourcesBuildPhase;
			buildActionMask = 2147483647;
			files = (
				5DC3725B16E3AE1500190862 /* AFHTTPClient.m in Sources */,
				5DC3725E16E3AE1500190862 /* AFHTTPRequestOperation.m in Sources */,
				5DC3726116E3AE1500190862 /* AFImageRequestOperation.m in Sources */,
				5DC3726416E3AE1500190862 /* AFJSONRequestOperation.m in Sources */,
				5DC3726716E3AE1500190862 /* AFNetworkActivityIndicatorManager.m in Sources */,
				5DC3726B16E3AE1500190862 /* AFPropertyListRequestOperation.m in Sources */,
				5DC3726E16E3AE1500190862 /* AFURLConnectionOperation.m in Sources */,
				5DC3727116E3AE1500190862 /* AFXMLRequestOperation.m in Sources */,
				5DC3727416E3AE1500190862 /* UIImageView+AFNetworking.m in Sources */,
				5DC3728B16E3B10800190862 /* ADNResource.m in Sources */,
				5DC3729916E3B4D300190862 /* ADNJSONRequestOperation.m in Sources */,
				5DC3729E16E3B66700190862 /* ADNResponse.m in Sources */,
				5DC372A416E448ED00190862 /* NSArray+ADNAdditions.m in Sources */,
				5DC372A916E44AE500190862 /* ADNValueTransformations.m in Sources */,
				5DC372F816E4752000190862 /* ADNClient+ADNUser.m in Sources */,
				5DC372FD16E4759000190862 /* ADNUser.m in Sources */,
				5DC3730216E4822A00190862 /* NSDictionary+ADNAdditions.m in Sources */,
				252A2BF716E545F100DAE393 /* ADNPost.m in Sources */,
				252A2BFC16E5462D00DAE393 /* ADNChannel.m in Sources */,
				252A2C0216E5464700DAE393 /* ADNMessage.m in Sources */,
				252A2C0716E5465A00DAE393 /* ADNFile.m in Sources */,
				252A2C0C16E5466A00DAE393 /* ADNStream.m in Sources */,
				252A2C1116E5467400DAE393 /* ADNFilter.m in Sources */,
				252A2C1616E5467B00DAE393 /* ADNInteraction.m in Sources */,
				252A2C1B16E5468700DAE393 /* ADNStreamMarker.m in Sources */,
				252A2C2016E546F900DAE393 /* ADNPlace.m in Sources */,
				252A2C2516E5472400DAE393 /* ADNExploreStream.m in Sources */,
				252A2C2A16E5473D00DAE393 /* ADNAnnotation.m in Sources */,
				252A2C3416E5489400DAE393 /* ADNAnnotatableResource.m in Sources */,
				252A2C3916E55ACD00DAE393 /* ADNImage.m in Sources */,
				252A2C3E16E55B5200DAE393 /* ADNUserCounts.m in Sources */,
				252A2C4616E5624700DAE393 /* ADNClient.m in Sources */,
				5DC3730E16E5CDDB00190862 /* ADNUserDescription.m in Sources */,
				5DC3731416E65BDD00190862 /* ADNObjectSource.m in Sources */,
				5DC3731816E665D200190862 /* ADNEntities.m in Sources */,
				5DC3731C16E6661500190862 /* ADNClient+ADNPost.m in Sources */,
				5DC3732116E6661D00190862 /* ADNClient+ADNFile.m in Sources */,
				252A2C5D16E7117700DAE393 /* ADNClient+ADNPostStreams.m in Sources */,
				5DF6EF7116E8F80C0018D445 /* ADNChannelCounts.m in Sources */,
				5DF6EF7616E8FAE60018D445 /* ADNACL.m in Sources */,
			);
			runOnlyForDeploymentPostprocessing = 0;
		};
		5DC3710316E0808C00190862 /* Sources */ = {
			isa = PBXSourcesBuildPhase;
			buildActionMask = 2147483647;
			files = (
				5DC3725C16E3AE1500190862 /* AFHTTPClient.m in Sources */,
				5DC3725F16E3AE1500190862 /* AFHTTPRequestOperation.m in Sources */,
				5DC3726216E3AE1500190862 /* AFImageRequestOperation.m in Sources */,
				5DC3726516E3AE1500190862 /* AFJSONRequestOperation.m in Sources */,
				5DC3726C16E3AE1500190862 /* AFPropertyListRequestOperation.m in Sources */,
				5DC3726F16E3AE1500190862 /* AFURLConnectionOperation.m in Sources */,
				5DC3727216E3AE1500190862 /* AFXMLRequestOperation.m in Sources */,
				5DC3728C16E3B10800190862 /* ADNResource.m in Sources */,
				5DC3729A16E3B4D300190862 /* ADNJSONRequestOperation.m in Sources */,
				5DC3729F16E3B66700190862 /* ADNResponse.m in Sources */,
				5DC372A516E448ED00190862 /* NSArray+ADNAdditions.m in Sources */,
				5DC372AA16E44AE500190862 /* ADNValueTransformations.m in Sources */,
				5DC372F916E4752000190862 /* ADNClient+ADNUser.m in Sources */,
				5DC372FE16E4759000190862 /* ADNUser.m in Sources */,
				5DC3730316E4822A00190862 /* NSDictionary+ADNAdditions.m in Sources */,
				252A2BF816E545F400DAE393 /* ADNPost.m in Sources */,
				252A2BFD16E5463100DAE393 /* ADNChannel.m in Sources */,
				252A2C0316E5464700DAE393 /* ADNMessage.m in Sources */,
				252A2C0816E5465A00DAE393 /* ADNFile.m in Sources */,
				252A2C0D16E5466A00DAE393 /* ADNStream.m in Sources */,
				252A2C1216E5467400DAE393 /* ADNFilter.m in Sources */,
				252A2C1716E5467B00DAE393 /* ADNInteraction.m in Sources */,
				252A2C1C16E5468700DAE393 /* ADNStreamMarker.m in Sources */,
				252A2C2116E546F900DAE393 /* ADNPlace.m in Sources */,
				252A2C2616E5472400DAE393 /* ADNExploreStream.m in Sources */,
				252A2C2B16E5473D00DAE393 /* ADNAnnotation.m in Sources */,
				252A2C3516E5489400DAE393 /* ADNAnnotatableResource.m in Sources */,
				252A2C3A16E55ACD00DAE393 /* ADNImage.m in Sources */,
				252A2C3F16E55B5200DAE393 /* ADNUserCounts.m in Sources */,
				252A2C4716E5624700DAE393 /* ADNClient.m in Sources */,
				5DC3730F16E5CDDB00190862 /* ADNUserDescription.m in Sources */,
				5DC3731516E65BDD00190862 /* ADNObjectSource.m in Sources */,
				5DC3731716E665D100190862 /* ADNEntities.m in Sources */,
				5DC3731D16E6661500190862 /* ADNClient+ADNPost.m in Sources */,
				5DC3732216E6661D00190862 /* ADNClient+ADNFile.m in Sources */,
				252A2C5E16E7117700DAE393 /* ADNClient+ADNPostStreams.m in Sources */,
				5DF6EF7216E8F80C0018D445 /* ADNChannelCounts.m in Sources */,
				5DF6EF7716E8FAE60018D445 /* ADNACL.m in Sources */,
			);
			runOnlyForDeploymentPostprocessing = 0;
		};
/* End PBXSourcesBuildPhase section */

/* Begin PBXVariantGroup section */
		5DC3710D16E0808C00190862 /* InfoPlist.strings */ = {
			isa = PBXVariantGroup;
			children = (
				5DC3710E16E0808C00190862 /* en */,
			);
			name = InfoPlist.strings;
			sourceTree = "<group>";
		};
/* End PBXVariantGroup section */

/* Begin XCBuildConfiguration section */
		5DC370E516E0805E00190862 /* Debug */ = {
			isa = XCBuildConfiguration;
			buildSettings = {
				ALWAYS_SEARCH_USER_PATHS = NO;
				CLANG_CXX_LANGUAGE_STANDARD = "gnu++0x";
				CLANG_CXX_LIBRARY = "libc++";
				CLANG_ENABLE_OBJC_ARC = YES;
				CLANG_WARN_CONSTANT_CONVERSION = YES;
				CLANG_WARN_EMPTY_BODY = YES;
				CLANG_WARN_ENUM_CONVERSION = YES;
				CLANG_WARN_INT_CONVERSION = YES;
				CLANG_WARN__DUPLICATE_METHOD_MATCH = YES;
				COPY_PHASE_STRIP = NO;
				GCC_C_LANGUAGE_STANDARD = gnu99;
				GCC_DYNAMIC_NO_PIC = NO;
				GCC_OPTIMIZATION_LEVEL = 0;
				GCC_PREPROCESSOR_DEFINITIONS = (
					"DEBUG=1",
					"$(inherited)",
				);
				GCC_SYMBOLS_PRIVATE_EXTERN = NO;
				GCC_WARN_ABOUT_RETURN_TYPE = YES;
				GCC_WARN_UNINITIALIZED_AUTOS = YES;
				GCC_WARN_UNUSED_VARIABLE = YES;
				IPHONEOS_DEPLOYMENT_TARGET = 6.1;
				ONLY_ACTIVE_ARCH = YES;
				SDKROOT = iphoneos;
			};
			name = Debug;
		};
		5DC370E616E0805E00190862 /* Release */ = {
			isa = XCBuildConfiguration;
			buildSettings = {
				ALWAYS_SEARCH_USER_PATHS = NO;
				CLANG_CXX_LANGUAGE_STANDARD = "gnu++0x";
				CLANG_CXX_LIBRARY = "libc++";
				CLANG_ENABLE_OBJC_ARC = YES;
				CLANG_WARN_CONSTANT_CONVERSION = YES;
				CLANG_WARN_EMPTY_BODY = YES;
				CLANG_WARN_ENUM_CONVERSION = YES;
				CLANG_WARN_INT_CONVERSION = YES;
				CLANG_WARN__DUPLICATE_METHOD_MATCH = YES;
				COPY_PHASE_STRIP = YES;
				GCC_C_LANGUAGE_STANDARD = gnu99;
				GCC_WARN_ABOUT_RETURN_TYPE = YES;
				GCC_WARN_UNINITIALIZED_AUTOS = YES;
				GCC_WARN_UNUSED_VARIABLE = YES;
				IPHONEOS_DEPLOYMENT_TARGET = 6.1;
				SDKROOT = iphoneos;
				VALIDATE_PRODUCT = YES;
			};
			name = Release;
		};
		5DC370E816E0805E00190862 /* Debug */ = {
			isa = XCBuildConfiguration;
			buildSettings = {
				DSTROOT = /tmp/ADNKit.dst;
				GCC_PRECOMPILE_PREFIX_HEADER = YES;
				GCC_PREFIX_HEADER = "ADNKit/ADNKit-Prefix.pch";
				OTHER_LDFLAGS = "-ObjC";
				PRODUCT_NAME = "$(TARGET_NAME)";
				SKIP_INSTALL = YES;
			};
			name = Debug;
		};
		5DC370E916E0805E00190862 /* Release */ = {
			isa = XCBuildConfiguration;
			buildSettings = {
				DSTROOT = /tmp/ADNKit.dst;
				GCC_PRECOMPILE_PREFIX_HEADER = YES;
				GCC_PREFIX_HEADER = "ADNKit/ADNKit-Prefix.pch";
				OTHER_LDFLAGS = "-ObjC";
				PRODUCT_NAME = "$(TARGET_NAME)";
				SKIP_INSTALL = YES;
			};
			name = Release;
		};
		5DC3711516E0808C00190862 /* Debug */ = {
			isa = XCBuildConfiguration;
			buildSettings = {
				ARCHS = "$(ARCHS_STANDARD_64_BIT)";
				COMBINE_HIDPI_IMAGES = YES;
				DYLIB_COMPATIBILITY_VERSION = 1;
				DYLIB_CURRENT_VERSION = 1;
				FRAMEWORK_SEARCH_PATHS = (
					"$(inherited)",
					"\"$(SYSTEM_APPS_DIR)/Xcode.app/Contents/Developer/Library/Frameworks\"",
				);
				FRAMEWORK_VERSION = A;
				GCC_ENABLE_OBJC_EXCEPTIONS = YES;
				GCC_PRECOMPILE_PREFIX_HEADER = YES;
				GCC_PREFIX_HEADER = "ADNKit/ADNKit-Prefix.pch";
				GCC_WARN_64_TO_32_BIT_CONVERSION = YES;
				INFOPLIST_FILE = "ADNKit-OSX/ADNKit-OSX-Info.plist";
				INSTALL_PATH = "@executable_path/../Frameworks";
				MACOSX_DEPLOYMENT_TARGET = 10.8;
				PRODUCT_NAME = ADNKit;
				SDKROOT = macosx;
				WRAPPER_EXTENSION = framework;
			};
			name = Debug;
		};
		5DC3711616E0808C00190862 /* Release */ = {
			isa = XCBuildConfiguration;
			buildSettings = {
				ARCHS = "$(ARCHS_STANDARD_64_BIT)";
				COMBINE_HIDPI_IMAGES = YES;
				DEBUG_INFORMATION_FORMAT = "dwarf-with-dsym";
				DYLIB_COMPATIBILITY_VERSION = 1;
				DYLIB_CURRENT_VERSION = 1;
				FRAMEWORK_SEARCH_PATHS = (
					"$(inherited)",
					"\"$(SYSTEM_APPS_DIR)/Xcode.app/Contents/Developer/Library/Frameworks\"",
				);
				FRAMEWORK_VERSION = A;
				GCC_ENABLE_OBJC_EXCEPTIONS = YES;
				GCC_PRECOMPILE_PREFIX_HEADER = YES;
				GCC_PREFIX_HEADER = "ADNKit/ADNKit-Prefix.pch";
				GCC_WARN_64_TO_32_BIT_CONVERSION = YES;
				INFOPLIST_FILE = "ADNKit-OSX/ADNKit-OSX-Info.plist";
				INSTALL_PATH = "@executable_path/../Frameworks";
				MACOSX_DEPLOYMENT_TARGET = 10.8;
				PRODUCT_NAME = ADNKit;
				SDKROOT = macosx;
				WRAPPER_EXTENSION = framework;
			};
			name = Release;
		};
/* End XCBuildConfiguration section */

/* Begin XCConfigurationList section */
		5DC370D416E0805E00190862 /* Build configuration list for PBXProject "ADNKit" */ = {
			isa = XCConfigurationList;
			buildConfigurations = (
				5DC370E516E0805E00190862 /* Debug */,
				5DC370E616E0805E00190862 /* Release */,
			);
			defaultConfigurationIsVisible = 0;
			defaultConfigurationName = Release;
		};
		5DC370E716E0805E00190862 /* Build configuration list for PBXNativeTarget "ADNKit-iOS" */ = {
			isa = XCConfigurationList;
			buildConfigurations = (
				5DC370E816E0805E00190862 /* Debug */,
				5DC370E916E0805E00190862 /* Release */,
			);
			defaultConfigurationIsVisible = 0;
			defaultConfigurationName = Release;
		};
		5DC3711416E0808C00190862 /* Build configuration list for PBXNativeTarget "ADNKit-OSX" */ = {
			isa = XCConfigurationList;
			buildConfigurations = (
				5DC3711516E0808C00190862 /* Debug */,
				5DC3711616E0808C00190862 /* Release */,
			);
			defaultConfigurationIsVisible = 0;
			defaultConfigurationName = Release;
		};
/* End XCConfigurationList section */
	};
	rootObject = 5DC370D116E0805E00190862 /* Project object */;
}
